
Microsoft Visual Studio Solution File, Format Version 12.00
# Visual Studio 15
Project("{FAE04EC0-301F-11D3-BF4B-00C04F79EFBC}") = "LinqSamples", "LinqSamples\LinqSamples.csproj", "{611E5923-EDA2-4595-95FC-0397D55FA3AD}"
EndProject
Project("{FAE04EC0-301F-11D3-BF4B-00C04F79EFBC}") = "Queries", "Queries\Queries.csproj", "{FDBAC9B7-B4F7-4BA2-BA67-2E9E5A9BBE49}"
EndProject
Global
	GlobalSection(SolutionConfigurationPlatforms) = preSolution
		Debug|Any CPU = Debug|Any CPU
		Release|Any CPU = Release|Any CPU
	EndGlobalSection
	GlobalSection(ProjectConfigurationPlatforms) = postSolution
		{611E5923-EDA2-4595-95FC-0397D55FA3AD}.Debug|Any CPU.ActiveCfg = Debug|Any CPU
		{611E5923-EDA2-4595-95FC-0397D55FA3AD}.Debug|Any CPU.Build.0 = Debug|Any CPU
		{611E5923-EDA2-4595-95FC-0397D55FA3AD}.Release|Any CPU.ActiveCfg = Release|Any CPU
		{611E5923-EDA2-4595-95FC-0397D55FA3AD}.Release|Any CPU.Build.0 = Release|Any CPU
		{FDBAC9B7-B4F7-4BA2-BA67-2E9E5A9BBE49}.Debug|Any CPU.ActiveCfg = Debug|Any CPU
		{FDBAC9B7-B4F7-4BA2-BA67-2E9E5A9BBE49}.Debug|Any CPU.Build.0 = Debug|Any CPU
		{FDBAC9B7-B4F7-4BA2-BA67-2E9E5A9BBE49}.Release|Any CPU.ActiveCfg = Release|Any CPU
		{FDBAC9B7-B4F7-4BA2-BA67-2E9E5A9BBE49}.Release|Any CPU.Build.0 = Release|Any CPU
	EndGlobalSection
EndGlobal
